
Microsoft Visual Studio Solution File, Format Version 12.00
# Visual Studio Version 16
VisualStudioVersion = 16.0.29920.165
MinimumVisualStudioVersion = 10.0.40219.1
Project("{FAE04EC0-301F-11D3-BF4B-00C04F79EFBC}") = "databinding", "databinding\databinding.csproj", "{23532DEE-641A-4EE3-8BD9-F9337376A653}"
EndProject
Global
	GlobalSection(SolutionConfigurationPlatforms) = preSolution
		Debug|Any CPU = Debug|Any CPU
		Release|Any CPU = Release|Any CPU
	EndGlobalSection
	GlobalSection(ProjectConfigurationPlatforms) = postSolution
		{23532DEE-641A-4EE3-8BD9-F9337376A653}.Debug|Any CPU.ActiveCfg = Debug|Any CPU
		{23532DEE-641A-4EE3-8BD9-F9337376A653}.Debug|Any CPU.Build.0 = Debug|Any CPU
		{23532DEE-641A-4EE3-8BD9-F9337376A653}.Release|Any CPU.ActiveCfg = Release|Any CPU
		{23532DEE-641A-4EE3-8BD9-F9337376A653}.Release|Any CPU.Build.0 = Release|Any CPU
	EndGlobalSection
	GlobalSection(SolutionProperties) = preSolution
		HideSolutionNode = FALSE
	EndGlobalSection
	GlobalSection(ExtensibilityGlobals) = postSolution
		SolutionGuid = {AC223732-62BE-4511-AC78-E293FC07E911}
	EndGlobalSection
EndGlobal
